// !$*UTF8*$!
{
	archiveVersion = 1;
	classes = {
	};
	objectVersion = 46;
	objects = {

/* Begin PBXBuildFile section */
		221AA5B41E57696E0024F66D /* AppDelegate.swift in Sources */ = {isa = PBXBuildFile; fileRef = 221AA5B31E57696E0024F66D /* AppDelegate.swift */; };
		221AA5B61E57696E0024F66D /* CameraVC.swift in Sources */ = {isa = PBXBuildFile; fileRef = 221AA5B51E57696E0024F66D /* CameraVC.swift */; };
		221AA5B91E57696E0024F66D /* Main.storyboard in Resources */ = {isa = PBXBuildFile; fileRef = 221AA5B71E57696E0024F66D /* Main.storyboard */; };
		221AA5BB1E57696E0024F66D /* Assets.xcassets in Resources */ = {isa = PBXBuildFile; fileRef = 221AA5BA1E57696E0024F66D /* Assets.xcassets */; };
		221AA5BE1E57696E0024F66D /* LaunchScreen.storyboard in Resources */ = {isa = PBXBuildFile; fileRef = 221AA5BC1E57696E0024F66D /* LaunchScreen.storyboard */; };
		221AA5CA1E576DCB0024F66D /* AVCamCameraViewController.m in Sources */ = {isa = PBXBuildFile; fileRef = 221AA5C71E576DCB0024F66D /* AVCamCameraViewController.m */; };
		221AA5D11E576E420024F66D /* AVCamPreviewView.m in Sources */ = {isa = PBXBuildFile; fileRef = 221AA5D01E576E420024F66D /* AVCamPreviewView.m */; };
		221AA5D41E576F810024F66D /* AVCamPhotoCaptureDelegate.m in Sources */ = {isa = PBXBuildFile; fileRef = 221AA5D31E576F810024F66D /* AVCamPhotoCaptureDelegate.m */; };
		2283708D1E5F409C0023F2D4 /* GoogleService-Info.plist in Resources */ = {isa = PBXBuildFile; fileRef = 2283708C1E5F409C0023F2D4 /* GoogleService-Info.plist */; };
		F086B7AC8BC047C99A7AA18A /* Pods_DevChat.framework in Frameworks */ = {isa = PBXBuildFile; fileRef = 6F887B1582CBEFFD8CD45E68 /* Pods_DevChat.framework */; };
/* End PBXBuildFile section */

/* Begin PBXFileReference section */
		220A04541E5D035900337C73 /* AAPLCameraVCDelegate.h */ = {isa = PBXFileReference; fileEncoding = 4; lastKnownFileType = sourcecode.c.h; path = AAPLCameraVCDelegate.h; sourceTree = "<group>"; };
		221AA5B01E57696E0024F66D /* DevChat.app */ = {isa = PBXFileReference; explicitFileType = wrapper.application; includeInIndex = 0; path = DevChat.app; sourceTree = BUILT_PRODUCTS_DIR; };
		221AA5B31E57696E0024F66D /* AppDelegate.swift */ = {isa = PBXFileReference; lastKnownFileType = sourcecode.swift; path = AppDelegate.swift; sourceTree = "<group>"; };
		221AA5B51E57696E0024F66D /* CameraVC.swift */ = {isa = PBXFileReference; lastKnownFileType = sourcecode.swift; path = CameraVC.swift; sourceTree = "<group>"; };
		221AA5B81E57696E0024F66D /* Base */ = {isa = PBXFileReference; lastKnownFileType = file.storyboard; name = Base; path = Base.lproj/Main.storyboard; sourceTree = "<group>"; };
		221AA5BA1E57696E0024F66D /* Assets.xcassets */ = {isa = PBXFileReference; lastKnownFileType = folder.assetcatalog; path = Assets.xcassets; sourceTree = "<group>"; };
		221AA5BD1E57696E0024F66D /* Base */ = {isa = PBXFileReference; lastKnownFileType = file.storyboard; name = Base; path = Base.lproj/LaunchScreen.storyboard; sourceTree = "<group>"; };
		221AA5BF1E57696E0024F66D /* Info.plist */ = {isa = PBXFileReference; lastKnownFileType = text.plist.xml; path = Info.plist; sourceTree = "<group>"; };
		221AA5C51E576DCA0024F66D /* DevChat-Bridging-Header.h */ = {isa = PBXFileReference; lastKnownFileType = sourcecode.c.h; path = "DevChat-Bridging-Header.h"; sourceTree = "<group>"; };
		221AA5C61E576DCB0024F66D /* AVCamCameraViewController.h */ = {isa = PBXFileReference; fileEncoding = 4; lastKnownFileType = sourcecode.c.h; name = AVCamCameraViewController.h; path = ../AVCamCameraViewController.h; sourceTree = "<group>"; };
		221AA5C71E576DCB0024F66D /* AVCamCameraViewController.m */ = {isa = PBXFileReference; fileEncoding = 4; lastKnownFileType = sourcecode.c.objc; name = AVCamCameraViewController.m; path = ../AVCamCameraViewController.m; sourceTree = "<group>"; };
		221AA5CF1E576E420024F66D /* AVCamPreviewView.h */ = {isa = PBXFileReference; fileEncoding = 4; lastKnownFileType = sourcecode.c.h; path = AVCamPreviewView.h; sourceTree = "<group>"; };
		221AA5D01E576E420024F66D /* AVCamPreviewView.m */ = {isa = PBXFileReference; fileEncoding = 4; lastKnownFileType = sourcecode.c.objc; path = AVCamPreviewView.m; sourceTree = "<group>"; };
		221AA5D21E576F810024F66D /* AVCamPhotoCaptureDelegate.h */ = {isa = PBXFileReference; fileEncoding = 4; lastKnownFileType = sourcecode.c.h; path = AVCamPhotoCaptureDelegate.h; sourceTree = "<group>"; };
		221AA5D31E576F810024F66D /* AVCamPhotoCaptureDelegate.m */ = {isa = PBXFileReference; fileEncoding = 4; lastKnownFileType = sourcecode.c.objc; path = AVCamPhotoCaptureDelegate.m; sourceTree = "<group>"; };
		2283708C1E5F409C0023F2D4 /* GoogleService-Info.plist */ = {isa = PBXFileReference; fileEncoding = 4; lastKnownFileType = text.plist.xml; path = "GoogleService-Info.plist"; sourceTree = "<group>"; };
		548E797B85EEBD927BA9F1E7 /* Pods-DevChat.debug.xcconfig */ = {isa = PBXFileReference; includeInIndex = 1; lastKnownFileType = text.xcconfig; name = "Pods-DevChat.debug.xcconfig"; path = "Pods/Target Support Files/Pods-DevChat/Pods-DevChat.debug.xcconfig"; sourceTree = "<group>"; };
		6F887B1582CBEFFD8CD45E68 /* Pods_DevChat.framework */ = {isa = PBXFileReference; explicitFileType = wrapper.framework; includeInIndex = 0; path = Pods_DevChat.framework; sourceTree = BUILT_PRODUCTS_DIR; };
		82FA6DC56F6DB7BE3E854FE1 /* Pods-DevChat.release.xcconfig */ = {isa = PBXFileReference; includeInIndex = 1; lastKnownFileType = text.xcconfig; name = "Pods-DevChat.release.xcconfig"; path = "Pods/Target Support Files/Pods-DevChat/Pods-DevChat.release.xcconfig"; sourceTree = "<group>"; };
/* End PBXFileReference section */

/* Begin PBXFrameworksBuildPhase section */
		221AA5AD1E57696E0024F66D /* Frameworks */ = {
			isa = PBXFrameworksBuildPhase;
			buildActionMask = 2147483647;
			files = (
				F086B7AC8BC047C99A7AA18A /* Pods_DevChat.framework in Frameworks */,
			);
			runOnlyForDeploymentPostprocessing = 0;
		};
/* End PBXFrameworksBuildPhase section */

/* Begin PBXGroup section */
		220A04511E5D01C300337C73 /* Protocols */ = {
			isa = PBXGroup;
			children = (
				220A04541E5D035900337C73 /* AAPLCameraVCDelegate.h */,
			);
			name = Protocols;
			sourceTree = "<group>";
		};
		221AA5A71E57696E0024F66D = {
			isa = PBXGroup;
			children = (
				221AA5B21E57696E0024F66D /* DevChat */,
				221AA5B11E57696E0024F66D /* Products */,
				221AA5C51E576DCA0024F66D /* DevChat-Bridging-Header.h */,
				46F64C39D8D04A8D5CD761A4 /* Pods */,
				AF462DAA4ABC116DD20C1192 /* Frameworks */,
			);
			sourceTree = "<group>";
		};
		221AA5B11E57696E0024F66D /* Products */ = {
			isa = PBXGroup;
			children = (
				221AA5B01E57696E0024F66D /* DevChat.app */,
			);
			name = Products;
			sourceTree = "<group>";
		};
		221AA5B21E57696E0024F66D /* DevChat */ = {
			isa = PBXGroup;
			children = (
				220A04511E5D01C300337C73 /* Protocols */,
				221AA5CC1E576DD70024F66D /* Model */,
				221AA5CD1E576DE60024F66D /* View */,
				221AA5CE1E576DF40024F66D /* Controller */,
				221AA5B31E57696E0024F66D /* AppDelegate.swift */,
				221AA5B71E57696E0024F66D /* Main.storyboard */,
				221AA5BA1E57696E0024F66D /* Assets.xcassets */,
				221AA5BC1E57696E0024F66D /* LaunchScreen.storyboard */,
				221AA5BF1E57696E0024F66D /* Info.plist */,
				2283708C1E5F409C0023F2D4 /* GoogleService-Info.plist */,
			);
			path = DevChat;
			sourceTree = "<group>";
		};
		221AA5CC1E576DD70024F66D /* Model */ = {
			isa = PBXGroup;
			children = (
			);
			name = Model;
			sourceTree = "<group>";
		};
		221AA5CD1E576DE60024F66D /* View */ = {
			isa = PBXGroup;
			children = (
				221AA5CF1E576E420024F66D /* AVCamPreviewView.h */,
				221AA5D01E576E420024F66D /* AVCamPreviewView.m */,
			);
			name = View;
			sourceTree = "<group>";
		};
		221AA5CE1E576DF40024F66D /* Controller */ = {
			isa = PBXGroup;
			children = (
				221AA5D21E576F810024F66D /* AVCamPhotoCaptureDelegate.h */,
				221AA5D31E576F810024F66D /* AVCamPhotoCaptureDelegate.m */,
				221AA5C61E576DCB0024F66D /* AVCamCameraViewController.h */,
				221AA5C71E576DCB0024F66D /* AVCamCameraViewController.m */,
				221AA5B51E57696E0024F66D /* CameraVC.swift */,
			);
			name = Controller;
			sourceTree = "<group>";
		};
		46F64C39D8D04A8D5CD761A4 /* Pods */ = {
			isa = PBXGroup;
			children = (
				548E797B85EEBD927BA9F1E7 /* Pods-DevChat.debug.xcconfig */,
				82FA6DC56F6DB7BE3E854FE1 /* Pods-DevChat.release.xcconfig */,
			);
			name = Pods;
			sourceTree = "<group>";
		};
		AF462DAA4ABC116DD20C1192 /* Frameworks */ = {
			isa = PBXGroup;
			children = (
				6F887B1582CBEFFD8CD45E68 /* Pods_DevChat.framework */,
			);
			name = Frameworks;
			sourceTree = "<group>";
		};
/* End PBXGroup section */

/* Begin PBXNativeTarget section */
		221AA5AF1E57696E0024F66D /* DevChat */ = {
			isa = PBXNativeTarget;
			buildConfigurationList = 221AA5C21E57696E0024F66D /* Build configuration list for PBXNativeTarget "DevChat" */;
			buildPhases = (
				67A51018C0807D2719C19C11 /* [CP] Check Pods Manifest.lock */,
				221AA5AC1E57696E0024F66D /* Sources */,
				221AA5AD1E57696E0024F66D /* Frameworks */,
				221AA5AE1E57696E0024F66D /* Resources */,
				A3CA2CB8018EAAEC2C2B2114 /* [CP] Embed Pods Frameworks */,
				3534ED9A2E9A8A55B9349DB8 /* [CP] Copy Pods Resources */,
			);
			buildRules = (
			);
			dependencies = (
			);
			name = DevChat;
			productName = DevChat;
			productReference = 221AA5B01E57696E0024F66D /* DevChat.app */;
			productType = "com.apple.product-type.application";
		};
/* End PBXNativeTarget section */

/* Begin PBXProject section */
		221AA5A81E57696E0024F66D /* Project object */ = {
			isa = PBXProject;
			attributes = {
				LastSwiftUpdateCheck = 0820;
				LastUpgradeCheck = 0820;
				ORGANIZATIONNAME = "Michael L Gueterman";
				TargetAttributes = {
					221AA5AF1E57696E0024F66D = {
						CreatedOnToolsVersion = 8.2.1;
						DevelopmentTeam = VTF6L78EDV;
						LastSwiftMigration = 0820;
						ProvisioningStyle = Automatic;
					};
				};
			};
			buildConfigurationList = 221AA5AB1E57696E0024F66D /* Build configuration list for PBXProject "DevChat" */;
			compatibilityVersion = "Xcode 3.2";
			developmentRegion = English;
			hasScannedForEncodings = 0;
			knownRegions = (
				en,
				Base,
			);
			mainGroup = 221AA5A71E57696E0024F66D;
			productRefGroup = 221AA5B11E57696E0024F66D /* Products */;
			projectDirPath = "";
			projectRoot = "";
			targets = (
				221AA5AF1E57696E0024F66D /* DevChat */,
			);
		};
/* End PBXProject section */

/* Begin PBXResourcesBuildPhase section */
		221AA5AE1E57696E0024F66D /* Resources */ = {
			isa = PBXResourcesBuildPhase;
			buildActionMask = 2147483647;
			files = (
				221AA5BE1E57696E0024F66D /* LaunchScreen.storyboard in Resources */,
				221AA5BB1E57696E0024F66D /* Assets.xcassets in Resources */,
				221AA5B91E57696E0024F66D /* Main.storyboard in Resources */,
				2283708D1E5F409C0023F2D4 /* GoogleService-Info.plist in Resources */,
			);
			runOnlyForDeploymentPostprocessing = 0;
		};
/* End PBXResourcesBuildPhase section */

/* Begin PBXShellScriptBuildPhase section */
		3534ED9A2E9A8A55B9349DB8 /* [CP] Copy Pods Resources */ = {
			isa = PBXShellScriptBuildPhase;
			buildActionMask = 2147483647;
			files = (
			);
			inputPaths = (
			);
			name = "[CP] Copy Pods Resources";
			outputPaths = (
			);
			runOnlyForDeploymentPostprocessing = 0;
			shellPath = /bin/sh;
			shellScript = "\"${SRCROOT}/Pods/Target Support Files/Pods-DevChat/Pods-DevChat-resources.sh\"\n";
			showEnvVarsInLog = 0;
		};
		67A51018C0807D2719C19C11 /* [CP] Check Pods Manifest.lock */ = {
			isa = PBXShellScriptBuildPhase;
			buildActionMask = 2147483647;
			files = (
			);
			inputPaths = (
			);
			name = "[CP] Check Pods Manifest.lock";
			outputPaths = (
			);
			runOnlyForDeploymentPostprocessing = 0;
			shellPath = /bin/sh;
			shellScript = "diff \"${PODS_ROOT}/../Podfile.lock\" \"${PODS_ROOT}/Manifest.lock\" > /dev/null\nif [ $? != 0 ] ; then\n    # print error to STDERR\n    echo \"error: The sandbox is not in sync with the Podfile.lock. Run 'pod install' or update your CocoaPods installation.\" >&2\n    exit 1\nfi\n";
			showEnvVarsInLog = 0;
		};
		A3CA2CB8018EAAEC2C2B2114 /* [CP] Embed Pods Frameworks */ = {
			isa = PBXShellScriptBuildPhase;
			buildActionMask = 2147483647;
			files = (
			);
			inputPaths = (
			);
			name = "[CP] Embed Pods Frameworks";
			outputPaths = (
			);
			runOnlyForDeploymentPostprocessing = 0;
			shellPath = /bin/sh;
			shellScript = "\"${SRCROOT}/Pods/Target Support Files/Pods-DevChat/Pods-DevChat-frameworks.sh\"\n";
			showEnvVarsInLog = 0;
		};
/* End PBXShellScriptBuildPhase section */

/* Begin PBXSourcesBuildPhase section */
		221AA5AC1E57696E0024F66D /* Sources */ = {
			isa = PBXSourcesBuildPhase;
			buildActionMask = 2147483647;
			files = (
				221AA5D41E576F810024F66D /* AVCamPhotoCaptureDelegate.m in Sources */,
				221AA5B61E57696E0024F66D /* CameraVC.swift in Sources */,
				221AA5B41E57696E0024F66D /* AppDelegate.swift in Sources */,
				221AA5CA1E576DCB0024F66D /* AVCamCameraViewController.m in Sources */,
				221AA5D11E576E420024F66D /* AVCamPreviewView.m in Sources */,
			);
			runOnlyForDeploymentPostprocessing = 0;
		};
/* End PBXSourcesBuildPhase section */

/* Begin PBXVariantGroup section */
		221AA5B71E57696E0024F66D /* Main.storyboard */ = {
			isa = PBXVariantGroup;
			children = (
				221AA5B81E57696E0024F66D /* Base */,
			);
			name = Main.storyboard;
			sourceTree = "<group>";
		};
		221AA5BC1E57696E0024F66D /* LaunchScreen.storyboard */ = {
			isa = PBXVariantGroup;
			children = (
				221AA5BD1E57696E0024F66D /* Base */,
			);
			name = LaunchScreen.storyboard;
			sourceTree = "<group>";
		};
/* End PBXVariantGroup section */

/* Begin XCBuildConfiguration section */
		221AA5C01E57696E0024F66D /* Debug */ = {
			isa = XCBuildConfiguration;
			buildSettings = {
				ALWAYS_SEARCH_USER_PATHS = NO;
				CLANG_ANALYZER_NONNULL = YES;
				CLANG_CXX_LANGUAGE_STANDARD = "gnu++0x";
				CLANG_CXX_LIBRARY = "libc++";
				CLANG_ENABLE_MODULES = YES;
				CLANG_ENABLE_OBJC_ARC = YES;
				CLANG_WARN_BOOL_CONVERSION = YES;
				CLANG_WARN_CONSTANT_CONVERSION = YES;
				CLANG_WARN_DIRECT_OBJC_ISA_USAGE = YES_ERROR;
				CLANG_WARN_DOCUMENTATION_COMMENTS = YES;
				CLANG_WARN_EMPTY_BODY = YES;
				CLANG_WARN_ENUM_CONVERSION = YES;
				CLANG_WARN_INFINITE_RECURSION = YES;
				CLANG_WARN_INT_CONVERSION = YES;
				CLANG_WARN_OBJC_ROOT_CLASS = YES_ERROR;
				CLANG_WARN_SUSPICIOUS_MOVE = YES;
				CLANG_WARN_UNREACHABLE_CODE = YES;
				CLANG_WARN__DUPLICATE_METHOD_MATCH = YES;
				"CODE_SIGN_IDENTITY[sdk=iphoneos*]" = "iPhone Developer";
				COPY_PHASE_STRIP = NO;
				DEBUG_INFORMATION_FORMAT = dwarf;
				ENABLE_STRICT_OBJC_MSGSEND = YES;
				ENABLE_TESTABILITY = YES;
				GCC_C_LANGUAGE_STANDARD = gnu99;
				GCC_DYNAMIC_NO_PIC = NO;
				GCC_NO_COMMON_BLOCKS = YES;
				GCC_OPTIMIZATION_LEVEL = 0;
				GCC_PREPROCESSOR_DEFINITIONS = (
					"DEBUG=1",
					"$(inherited)",
				);
				GCC_WARN_64_TO_32_BIT_CONVERSION = YES;
				GCC_WARN_ABOUT_RETURN_TYPE = YES_ERROR;
				GCC_WARN_UNDECLARED_SELECTOR = YES;
				GCC_WARN_UNINITIALIZED_AUTOS = YES_AGGRESSIVE;
				GCC_WARN_UNUSED_FUNCTION = YES;
				GCC_WARN_UNUSED_VARIABLE = YES;
				IPHONEOS_DEPLOYMENT_TARGET = 10.2;
				MTL_ENABLE_DEBUG_INFO = YES;
				ONLY_ACTIVE_ARCH = YES;
				SDKROOT = iphoneos;
				SWIFT_ACTIVE_COMPILATION_CONDITIONS = DEBUG;
				SWIFT_OPTIMIZATION_LEVEL = "-Onone";
			};
			name = Debug;
		};
		221AA5C11E57696E0024F66D /* Release */ = {
			isa = XCBuildConfiguration;
			buildSettings = {
				ALWAYS_SEARCH_USER_PATHS = NO;
				CLANG_ANALYZER_NONNULL = YES;
				CLANG_CXX_LANGUAGE_STANDARD = "gnu++0x";
				CLANG_CXX_LIBRARY = "libc++";
				CLANG_ENABLE_MODULES = YES;
				CLANG_ENABLE_OBJC_ARC = YES;
				CLANG_WARN_BOOL_CONVERSION = YES;
				CLANG_WARN_CONSTANT_CONVERSION = YES;
				CLANG_WARN_DIRECT_OBJC_ISA_USAGE = YES_ERROR;
				CLANG_WARN_DOCUMENTATION_COMMENTS = YES;
				CLANG_WARN_EMPTY_BODY = YES;
				CLANG_WARN_ENUM_CONVERSION = YES;
				CLANG_WARN_INFINITE_RECURSION = YES;
				CLANG_WARN_INT_CONVERSION = YES;
				CLANG_WARN_OBJC_ROOT_CLASS = YES_ERROR;
				CLANG_WARN_SUSPICIOUS_MOVE = YES;
				CLANG_WARN_UNREACHABLE_CODE = YES;
				CLANG_WARN__DUPLICATE_METHOD_MATCH = YES;
				"CODE_SIGN_IDENTITY[sdk=iphoneos*]" = "iPhone Developer";
				COPY_PHASE_STRIP = NO;
				DEBUG_INFORMATION_FORMAT = "dwarf-with-dsym";
				ENABLE_NS_ASSERTIONS = NO;
				ENABLE_STRICT_OBJC_MSGSEND = YES;
				GCC_C_LANGUAGE_STANDARD = gnu99;
				GCC_NO_COMMON_BLOCKS = YES;
				GCC_WARN_64_TO_32_BIT_CONVERSION = YES;
				GCC_WARN_ABOUT_RETURN_TYPE = YES_ERROR;
				GCC_WARN_UNDECLARED_SELECTOR = YES;
				GCC_WARN_UNINITIALIZED_AUTOS = YES_AGGRESSIVE;
				GCC_WARN_UNUSED_FUNCTION = YES;
				GCC_WARN_UNUSED_VARIABLE = YES;
				IPHONEOS_DEPLOYMENT_TARGET = 10.2;
				MTL_ENABLE_DEBUG_INFO = NO;
				SDKROOT = iphoneos;
				SWIFT_OPTIMIZATION_LEVEL = "-Owholemodule";
				VALIDATE_PRODUCT = YES;
			};
			name = Release;
		};
		221AA5C31E57696E0024F66D /* Debug */ = {
			isa = XCBuildConfiguration;
			baseConfigurationReference = 548E797B85EEBD927BA9F1E7 /* Pods-DevChat.debug.xcconfig */;
			buildSettings = {
				ASSETCATALOG_COMPILER_APPICON_NAME = AppIcon;
				CLANG_ENABLE_MODULES = YES;
				DEVELOPMENT_TEAM = VTF6L78EDV;
				INFOPLIST_FILE = DevChat/Info.plist;
				LD_RUNPATH_SEARCH_PATHS = "$(inherited) @executable_path/Frameworks";
				PRODUCT_BUNDLE_IDENTIFIER = com.editcorp.DevChat;
				PRODUCT_NAME = "$(TARGET_NAME)";
				SWIFT_OBJC_BRIDGING_HEADER = "DevChat-Bridging-Header.h";
				SWIFT_OPTIMIZATION_LEVEL = "-Onone";
				SWIFT_VERSION = 3.0;
			};
			name = Debug;
		};
		221AA5C41E57696E0024F66D /* Release */ = {
			isa = XCBuildConfiguration;
			baseConfigurationReference = 82FA6DC56F6DB7BE3E854FE1 /* Pods-DevChat.release.xcconfig */;
			buildSettings = {
				ASSETCATALOG_COMPILER_APPICON_NAME = AppIcon;
				CLANG_ENABLE_MODULES = YES;
				DEVELOPMENT_TEAM = VTF6L78EDV;
				INFOPLIST_FILE = DevChat/Info.plist;
				LD_RUNPATH_SEARCH_PATHS = "$(inherited) @executable_path/Frameworks";
				PRODUCT_BUNDLE_IDENTIFIER = com.editcorp.DevChat;
				PRODUCT_NAME = "$(TARGET_NAME)";
				SWIFT_OBJC_BRIDGING_HEADER = "DevChat-Bridging-Header.h";
				SWIFT_VERSION = 3.0;
			};
			name = Release;
		};
/* End XCBuildConfiguration section */

/* Begin XCConfigurationList section */
		221AA5AB1E57696E0024F66D /* Build configuration list for PBXProject "DevChat" */ = {
			isa = XCConfigurationList;
			buildConfigurations = (
				221AA5C01E57696E0024F66D /* Debug */,
				221AA5C11E57696E0024F66D /* Release */,
			);
			defaultConfigurationIsVisible = 0;
			defaultConfigurationName = Release;
		};
		221AA5C21E57696E0024F66D /* Build configuration list for PBXNativeTarget "DevChat" */ = {
			isa = XCConfigurationList;
			buildConfigurations = (
				221AA5C31E57696E0024F66D /* Debug */,
				221AA5C41E57696E0024F66D /* Release */,
			);
			defaultConfigurationIsVisible = 0;
			defaultConfigurationName = Release;
		};
/* End XCConfigurationList section */
	};
	rootObject = 221AA5A81E57696E0024F66D /* Project object */;
}
